
Microsoft Visual Studio Solution File, Format Version 12.00
# Visual Studio Version 16
VisualStudioVersion = 16.0.31624.102
MinimumVisualStudioVersion = 10.0.40219.1
Project("{2150E333-8FDC-42A3-9474-1A3956D46DE8}") = "src", "src", "{EF11468C-29F2-4630-A479-5A8FA109A064}"
EndProject
Project("{9A19103F-16F7-4668-BE54-9A1E7A4F7556}") = "Taxi.DAL", "src\Taxi.DAL\Taxi.DAL.csproj", "{9D49CF47-13A6-475E-803E-F85DBD7B9D1A}"
EndProject
Project("{FAE04EC0-301F-11D3-BF4B-00C04F79EFBC}") = "Taxi.UI", "src\Taxi.UI\Taxi.UI.csproj", "{3F1C1D5C-F679-4AC0-A34C-5436987CBDFA}"
EndProject
Project("{FAE04EC0-301F-11D3-BF4B-00C04F79EFBC}") = "Taxi.BLL", "src\Taxi.BLL\Taxi.BLL.csproj", "{4689506E-3374-49A6-AB2D-8BA1651C91D3}"
EndProject
Global
	GlobalSection(SolutionConfigurationPlatforms) = preSolution
		Debug|Any CPU = Debug|Any CPU
		Release|Any CPU = Release|Any CPU
	EndGlobalSection
	GlobalSection(ProjectConfigurationPlatforms) = postSolution
		{9D49CF47-13A6-475E-803E-F85DBD7B9D1A}.Debug|Any CPU.ActiveCfg = Debug|Any CPU
		{9D49CF47-13A6-475E-803E-F85DBD7B9D1A}.Debug|Any CPU.Build.0 = Debug|Any CPU
		{9D49CF47-13A6-475E-803E-F85DBD7B9D1A}.Release|Any CPU.ActiveCfg = Release|Any CPU
		{9D49CF47-13A6-475E-803E-F85DBD7B9D1A}.Release|Any CPU.Build.0 = Release|Any CPU
		{3F1C1D5C-F679-4AC0-A34C-5436987CBDFA}.Debug|Any CPU.ActiveCfg = Debug|Any CPU
		{3F1C1D5C-F679-4AC0-A34C-5436987CBDFA}.Debug|Any CPU.Build.0 = Debug|Any CPU
		{3F1C1D5C-F679-4AC0-A34C-5436987CBDFA}.Release|Any CPU.ActiveCfg = Release|Any CPU
		{3F1C1D5C-F679-4AC0-A34C-5436987CBDFA}.Release|Any CPU.Build.0 = Release|Any CPU
		{4689506E-3374-49A6-AB2D-8BA1651C91D3}.Debug|Any CPU.ActiveCfg = Debug|Any CPU
		{4689506E-3374-49A6-AB2D-8BA1651C91D3}.Debug|Any CPU.Build.0 = Debug|Any CPU
		{4689506E-3374-49A6-AB2D-8BA1651C91D3}.Release|Any CPU.ActiveCfg = Release|Any CPU
		{4689506E-3374-49A6-AB2D-8BA1651C91D3}.Release|Any CPU.Build.0 = Release|Any CPU
	EndGlobalSection
	GlobalSection(SolutionProperties) = preSolution
		HideSolutionNode = FALSE
	EndGlobalSection
	GlobalSection(NestedProjects) = preSolution
		{9D49CF47-13A6-475E-803E-F85DBD7B9D1A} = {EF11468C-29F2-4630-A479-5A8FA109A064}
		{3F1C1D5C-F679-4AC0-A34C-5436987CBDFA} = {EF11468C-29F2-4630-A479-5A8FA109A064}
		{4689506E-3374-49A6-AB2D-8BA1651C91D3} = {EF11468C-29F2-4630-A479-5A8FA109A064}
	EndGlobalSection
	GlobalSection(ExtensibilityGlobals) = postSolution
		SolutionGuid = {1735F35D-D296-4FA8-AC43-8EE896DCD0EE}
	EndGlobalSection
EndGlobal
